
Microsoft Visual Studio Solution File, Format Version 12.00
# Visual Studio 15
VisualStudioVersion = 15.0.28010.2016
MinimumVisualStudioVersion = 10.0.40219.1
Project("{FAE04EC0-301F-11D3-BF4B-00C04F79EFBC}") = "Solution", "Solution\Solution.csproj", "{820D9599-70E4-4083-97C1-53C677846FAA}"
EndProject
Global
	GlobalSection(SolutionConfigurationPlatforms) = preSolution
		Debug|Any CPU = Debug|Any CPU
		Release|Any CPU = Release|Any CPU
	EndGlobalSection
	GlobalSection(ProjectConfigurationPlatforms) = postSolution
		{820D9599-70E4-4083-97C1-53C677846FAA}.Debug|Any CPU.ActiveCfg = Debug|Any CPU
		{820D9599-70E4-4083-97C1-53C677846FAA}.Debug|Any CPU.Build.0 = Debug|Any CPU
		{820D9599-70E4-4083-97C1-53C677846FAA}.Release|Any CPU.ActiveCfg = Release|Any CPU
		{820D9599-70E4-4083-97C1-53C677846FAA}.Release|Any CPU.Build.0 = Release|Any CPU
	EndGlobalSection
	GlobalSection(SolutionProperties) = preSolution
		HideSolutionNode = FALSE
	EndGlobalSection
	GlobalSection(ExtensibilityGlobals) = postSolution
		SolutionGuid = {0DD0D739-6365-4644-8B89-2F0F4735D53B}
	EndGlobalSection
EndGlobal
